
Microsoft Visual Studio Solution File, Format Version 12.00
# Visual Studio Version 17
VisualStudioVersion = 17.3.32819.101
MinimumVisualStudioVersion = 10.0.40219.1
Project("{FAE04EC0-301F-11D3-BF4B-00C04F79EFBC}") = "ChatClient", "ChatClient\ChatClient.csproj", "{F1672210-EDEA-424F-87F3-5F8A3CF0C5AF}"
EndProject
Project("{FAE04EC0-301F-11D3-BF4B-00C04F79EFBC}") = "ChatServer", "ChatServer\ChatServer.csproj", "{AA728243-CFED-4A85-872D-B5883D7C8E2F}"
EndProject
Global
	GlobalSection(SolutionConfigurationPlatforms) = preSolution
		Debug|Any CPU = Debug|Any CPU
		Release|Any CPU = Release|Any CPU
	EndGlobalSection
	GlobalSection(ProjectConfigurationPlatforms) = postSolution
		{F1672210-EDEA-424F-87F3-5F8A3CF0C5AF}.Debug|Any CPU.ActiveCfg = Debug|Any CPU
		{F1672210-EDEA-424F-87F3-5F8A3CF0C5AF}.Debug|Any CPU.Build.0 = Debug|Any CPU
		{F1672210-EDEA-424F-87F3-5F8A3CF0C5AF}.Release|Any CPU.ActiveCfg = Release|Any CPU
		{F1672210-EDEA-424F-87F3-5F8A3CF0C5AF}.Release|Any CPU.Build.0 = Release|Any CPU
		{AA728243-CFED-4A85-872D-B5883D7C8E2F}.Debug|Any CPU.ActiveCfg = Debug|Any CPU
		{AA728243-CFED-4A85-872D-B5883D7C8E2F}.Debug|Any CPU.Build.0 = Debug|Any CPU
		{AA728243-CFED-4A85-872D-B5883D7C8E2F}.Release|Any CPU.ActiveCfg = Release|Any CPU
		{AA728243-CFED-4A85-872D-B5883D7C8E2F}.Release|Any CPU.Build.0 = Release|Any CPU
	EndGlobalSection
	GlobalSection(SolutionProperties) = preSolution
		HideSolutionNode = FALSE
	EndGlobalSection
	GlobalSection(ExtensibilityGlobals) = postSolution
		SolutionGuid = {0C3DB7DA-8CD6-4215-95BE-01D4246AAE9B}
	EndGlobalSection
EndGlobal
